
Microsoft Visual Studio Solution File, Format Version 12.00
# Visual Studio Version 16
VisualStudioVersion = 16.0.31515.178
MinimumVisualStudioVersion = 10.0.40219.1
Project("{888888A0-9F3D-457C-B088-3A5042F75D52}") = "CIS261 Strings and Dates", "CIS261 Strings and Dates.pyproj", "{BEE34744-4545-4267-8F52-84C14E68AAE8}"
EndProject
Global
	GlobalSection(SolutionConfigurationPlatforms) = preSolution
		Debug|Any CPU = Debug|Any CPU
		Release|Any CPU = Release|Any CPU
	EndGlobalSection
	GlobalSection(ProjectConfigurationPlatforms) = postSolution
		{BEE34744-4545-4267-8F52-84C14E68AAE8}.Debug|Any CPU.ActiveCfg = Debug|Any CPU
		{BEE34744-4545-4267-8F52-84C14E68AAE8}.Release|Any CPU.ActiveCfg = Release|Any CPU
	EndGlobalSection
	GlobalSection(SolutionProperties) = preSolution
		HideSolutionNode = FALSE
	EndGlobalSection
	GlobalSection(ExtensibilityGlobals) = postSolution
		SolutionGuid = {05123998-6D0B-47BC-B9BD-412700EA2D54}
	EndGlobalSection
EndGlobal
