
Microsoft Visual Studio Solution File, Format Version 12.00
# Visual Studio Version 16
VisualStudioVersion = 16.0.31515.178
MinimumVisualStudioVersion = 10.0.40219.1
Project("{888888A0-9F3D-457C-B088-3A5042F75D52}") = "Course Project 4", "Course Project 4.pyproj", "{01FE073A-BFFB-4A0F-8A10-B6AA913546FA}"
EndProject
Global
	GlobalSection(SolutionConfigurationPlatforms) = preSolution
		Debug|Any CPU = Debug|Any CPU
		Release|Any CPU = Release|Any CPU
	EndGlobalSection
	GlobalSection(ProjectConfigurationPlatforms) = postSolution
		{01FE073A-BFFB-4A0F-8A10-B6AA913546FA}.Debug|Any CPU.ActiveCfg = Debug|Any CPU
		{01FE073A-BFFB-4A0F-8A10-B6AA913546FA}.Release|Any CPU.ActiveCfg = Release|Any CPU
	EndGlobalSection
	GlobalSection(SolutionProperties) = preSolution
		HideSolutionNode = FALSE
	EndGlobalSection
	GlobalSection(ExtensibilityGlobals) = postSolution
		SolutionGuid = {540E899C-F7FE-4D43-A31A-A82ADA842E69}
	EndGlobalSection
EndGlobal
