
Microsoft Visual Studio Solution File, Format Version 12.00
# Visual Studio Version 16
VisualStudioVersion = 16.0.31515.178
MinimumVisualStudioVersion = 10.0.40219.1
Project("{888888A0-9F3D-457C-B088-3A5042F75D52}") = "Recursive Function Part 1", "Recursive Function Part 1.pyproj", "{5A68A0FB-FC68-44FF-8B35-DDD966747EAD}"
EndProject
Global
	GlobalSection(SolutionConfigurationPlatforms) = preSolution
		Debug|Any CPU = Debug|Any CPU
		Release|Any CPU = Release|Any CPU
	EndGlobalSection
	GlobalSection(ProjectConfigurationPlatforms) = postSolution
		{5A68A0FB-FC68-44FF-8B35-DDD966747EAD}.Debug|Any CPU.ActiveCfg = Debug|Any CPU
		{5A68A0FB-FC68-44FF-8B35-DDD966747EAD}.Release|Any CPU.ActiveCfg = Release|Any CPU
	EndGlobalSection
	GlobalSection(SolutionProperties) = preSolution
		HideSolutionNode = FALSE
	EndGlobalSection
	GlobalSection(ExtensibilityGlobals) = postSolution
		SolutionGuid = {A0C2429B-985C-49FF-9784-51B199FC9D9D}
	EndGlobalSection
EndGlobal
